
Microsoft Visual Studio Solution File, Format Version 12.00
# Visual Studio Version 17
VisualStudioVersion = 17.2.32630.192
MinimumVisualStudioVersion = 10.0.40219.1
Project("{FAE04EC0-301F-11D3-BF4B-00C04F79EFBC}") = "OXXO_AGM", "OXXO_AGM\OXXO_AGM.csproj", "{A948DE94-68C4-4B5E-90E9-ECE6F4D70564}"
EndProject
Global
	GlobalSection(SolutionConfigurationPlatforms) = preSolution
		Debug|Any CPU = Debug|Any CPU
		Release|Any CPU = Release|Any CPU
	EndGlobalSection
	GlobalSection(ProjectConfigurationPlatforms) = postSolution
		{A948DE94-68C4-4B5E-90E9-ECE6F4D70564}.Debug|Any CPU.ActiveCfg = Debug|Any CPU
		{A948DE94-68C4-4B5E-90E9-ECE6F4D70564}.Debug|Any CPU.Build.0 = Debug|Any CPU
		{A948DE94-68C4-4B5E-90E9-ECE6F4D70564}.Release|Any CPU.ActiveCfg = Release|Any CPU
		{A948DE94-68C4-4B5E-90E9-ECE6F4D70564}.Release|Any CPU.Build.0 = Release|Any CPU
	EndGlobalSection
	GlobalSection(SolutionProperties) = preSolution
		HideSolutionNode = FALSE
	EndGlobalSection
	GlobalSection(ExtensibilityGlobals) = postSolution
		SolutionGuid = {6FE49E9E-522E-47CB-AF6D-EDAEE6F3DDD4}
	EndGlobalSection
EndGlobal
